
Microsoft Visual Studio Solution File, Format Version 12.00
# Visual Studio Version 16
VisualStudioVersion = 16.0.31410.357
MinimumVisualStudioVersion = 10.0.40219.1
Project("{FAE04EC0-301F-11D3-BF4B-00C04F79EFBC}") = "MyTCPClient", "MyTCPClient\MyTCPClient.csproj", "{FDFD2226-DD6B-4145-A976-0BC6391022A7}"
EndProject
Global
	GlobalSection(SolutionConfigurationPlatforms) = preSolution
		Debug|Any CPU = Debug|Any CPU
		Release|Any CPU = Release|Any CPU
	EndGlobalSection
	GlobalSection(ProjectConfigurationPlatforms) = postSolution
		{FDFD2226-DD6B-4145-A976-0BC6391022A7}.Debug|Any CPU.ActiveCfg = Debug|Any CPU
		{FDFD2226-DD6B-4145-A976-0BC6391022A7}.Debug|Any CPU.Build.0 = Debug|Any CPU
		{FDFD2226-DD6B-4145-A976-0BC6391022A7}.Release|Any CPU.ActiveCfg = Release|Any CPU
		{FDFD2226-DD6B-4145-A976-0BC6391022A7}.Release|Any CPU.Build.0 = Release|Any CPU
	EndGlobalSection
	GlobalSection(SolutionProperties) = preSolution
		HideSolutionNode = FALSE
	EndGlobalSection
	GlobalSection(ExtensibilityGlobals) = postSolution
		SolutionGuid = {BC61D150-ACE9-49AC-8419-3A249FA356E2}
	EndGlobalSection
EndGlobal
